hash: 6fc1585d53a13c55a77294cfe62aa8cce4e275773b10bd370ea62a543104fbe9
updated: 2017-07-26T13:51:01.66970866+03:00
imports:
- name: github.com/docker/distribution
  version: e18fe7d3f4573faac5a32a0df3322a4812969c92
  subpackages:
  - digestset
  - reference
- name: github.com/docker/docker
  version: 72cda6a6c2f25854bea2d69168082684f2c9feca
  subpackages:
  - api
  - api/types
  - api/types/blkiodev
  - api/types/container
  - api/types/events
  - api/types/filters
  - api/types/image
  - api/types/mount
  - api/types/network
  - api/types/registry
  - api/types/strslice
  - api/types/swarm
  - api/types/swarm/runtime
  - api/types/time
  - api/types/versions
  - api/types/volume
  - client
  - pkg/ioutils
  - pkg/longpath
  - pkg/mount
  - pkg/system
  - pkg/tlsconfig
- name: github.com/docker/go-connections
  version: 3ede32e2033de7505e6500d6c868c2b9ed9f169d
  subpackages:
  - nat
  - sockets
  - tlsconfig
- name: github.com/docker/go-units
  version: 0dadbb0345b35ec7ef35e228dabb8de89a65bf52
- name: github.com/docker/libtrust
  version: aabc10ec26b754e797f9028f4589c5b7bd90dc20
- name: github.com/gogo/protobuf
  version: 7b6c6391c4ff245962047fc1e2c6e08b1cdfa0e8
  subpackages:
  - proto
- name: github.com/jcjones/github-pr-status
  version: e7301cdcebd62f452e970096f763fe5fbeec5cd7
  subpackages:
  - api
- name: github.com/Microsoft/go-winio
  version: 7ff89941bcb93df2e962467fb073c6e997b13cf0
- name: github.com/nlopes/slack
  version: 5cde21b8b96a43fc3435a1f514123d14fd7eabdc
- name: github.com/opencontainers/go-digest
  version: 279bed98673dd5bef374d3b6e4b09e2af76183bf
- name: github.com/opencontainers/image-spec
  version: ef2b9a1d696677abd664a0879758d2b115b1ded3
  subpackages:
  - specs-go
  - specs-go/v1
- name: github.com/pborman/uuid
  version: e790cca94e6cc75c7064b1332e63811d4aae1a53
- name: github.com/pkg/errors
  version: c605e284fe17294bda444b34710735b29d1a9d90
- name: github.com/Sirupsen/logrus
  version: a3f95b5c423586578a4e099b11a46c2479628cac
- name: github.com/stretchr/testify
  version: 69483b4bd14f5845b5a1e55bca19e954e827f1d0
  subpackages:
  - assert
  - mock
- name: github.com/urfave/cli
  version: 0bdeddeeb0f650497d603c4ad7b20cfe685682f6
- name: golang.org/x/net
  version: f5079bd7f6f74e23c4d65efa0f4ce14cbd6a3c0f
  subpackages:
  - context
  - context/ctxhttp
  - proxy
  - websocket
- name: golang.org/x/sys
  version: c4489faa6e5ab84c0ef40d6ee878f7a030281f0f
  subpackages:
  - unix
  - windows
- name: gopkg.in/go-playground/webhooks.v3
  version: a5141d656b4d528788fe140307fe2468bfdbd212
  subpackages:
  - github
testImports:
- name: github.com/davecgh/go-spew
  version: 6d212800a42e8ab5c146b8ace3490ee17e5225f9
  subpackages:
  - spew
- name: github.com/pmezard/go-difflib
  version: d8ed2627bdf02c080bf22230dbb337003b7aba2d
  subpackages:
  - difflib
- name: github.com/stretchr/objx
  version: cbeaeb16a013161a98496fad62933b1d21786672
