hash: 3ffc057277fef08eb7eed3f8b44b8ba32d14bb99d851a1439d46a20587993a89
updated: 2017-07-24T16:16:21.469333373+03:00
imports:
- name: github.com/docker/docker
  version: bf8cdb9172c3516eecb80974971b0b2da00afc11
  subpackages:
  - api/types
  - client
- name: github.com/nlopes/slack
  version: c86337c0ef2486a15edd804355d9c73d2f2caed1
- name: github.com/pborman/uuid
  version: e790cca94e6cc75c7064b1332e63811d4aae1a53
- name: github.com/Sirupsen/logrus
  version: a3f95b5c423586578a4e099b11a46c2479628cac
- name: github.com/stretchr/testify
  version: 69483b4bd14f5845b5a1e55bca19e954e827f1d0
  subpackages:
  - mock
- name: github.com/urfave/cli
  version: 1efa31f08b9333f1bd4882d61f9d668a70cd902e
- name: gopkg.in/go-playground/webhooks.v3
  version: 9a8b92d028c1d3cc75fd2fdfcafdb5bcdba6e026
  subpackages:
  - github
testImports: []
